// !$*UTF8*$!
{
	archiveVersion = 1;
	classes = {
	};
	objectVersion = 77;
	objects = {

/* Begin PBXContainerItemProxy section */
		0F7E81C82F23CD49007F11E2 /* PBXContainerItemProxy */ = {
			isa = PBXContainerItemProxy;
			containerPortal = 0F7E81B22F23CD48007F11E2 /* Project object */;
			proxyType = 1;
			remoteGlobalIDString = 0F7E81B92F23CD48007F11E2;
			remoteInfo = TestingLab;
		};
		0F7E81D22F23CD49007F11E2 /* PBXContainerItemProxy */ = {
			isa = PBXContainerItemProxy;
			containerPortal = 0F7E81B22F23CD48007F11E2 /* Project object */;
			proxyType = 1;
			remoteGlobalIDString = 0F7E81B92F23CD48007F11E2;
			remoteInfo = TestingLab;
		};
/* End PBXContainerItemProxy section */

/* Begin PBXFileReference section */
		0F7E81BA2F23CD48007F11E2 /* TestingLab.app */ = {isa = PBXFileReference; explicitFileType = wrapper.application; includeInIndex = 0; path = TestingLab.app; sourceTree = BUILT_PRODUCTS_DIR; };
		0F7E81C72F23CD49007F11E2 /* TestingLabTests.xctest */ = {isa = PBXFileReference; explicitFileType = wrapper.cfbundle; includeInIndex = 0; path = TestingLabTests.xctest; sourceTree = BUILT_PRODUCTS_DIR; };
		0F7E81D12F23CD49007F11E2 /* TestingLabUITests.xctest */ = {isa = PBXFileReference; explicitFileType = wrapper.cfbundle; includeInIndex = 0; path = TestingLabUITests.xctest; sourceTree = BUILT_PRODUCTS_DIR; };
/* End PBXFileReference section */

/* Begin PBXFileSystemSynchronizedBuildFileExceptionSet section */
		0F7E81EE2F23CF82007F11E2 /* Exceptions for "TestingLab" folder in "TestingLabTests" target */ = {
			isa = PBXFileSystemSynchronizedBuildFileExceptionSet;
			membershipExceptions = (
				Pokemon.swift,
			);
			target = 0F7E81C62F23CD49007F11E2 /* TestingLabTests */;
		};
		0F7E81EF2F23CF82007F11E2 /* Exceptions for "TestingLab" folder in "TestingLabUITests" target */ = {
			isa = PBXFileSystemSynchronizedBuildFileExceptionSet;
			membershipExceptions = (
				Pokemon.swift,
			);
			target = 0F7E81D02F23CD49007F11E2 /* TestingLabUITests */;
		};
/* End PBXFileSystemSynchronizedBuildFileExceptionSet section */

/* Begin PBXFileSystemSynchronizedRootGroup section */
		0F7E81BC2F23CD48007F11E2 /* TestingLab */ = {
			isa = PBXFileSystemSynchronizedRootGroup;
			exceptions = (
				0F7E81EE2F23CF82007F11E2 /* Exceptions for "TestingLab" folder in "TestingLabTests" target */,
				0F7E81EF2F23CF82007F11E2 /* Exceptions for "TestingLab" folder in "TestingLabUITests" target */,
			);
			path = TestingLab;
			sourceTree = "<group>";
		};
		0F7E81CA2F23CD49007F11E2 /* TestingLabTests */ = {
			isa = PBXFileSystemSynchronizedRootGroup;
			path = TestingLabTests;
			sourceTree = "<group>";
		};
		0F7E81D42F23CD49007F11E2 /* TestingLabUITests */ = {
			isa = PBXFileSystemSynchronizedRootGroup;
			path = TestingLabUITests;
			sourceTree = "<group>";
		};
/* End PBXFileSystemSynchronizedRootGroup section */

/* Begin PBXFrameworksBuildPhase section */
		0F7E81B72F23CD48007F11E2 /* Frameworks */ = {
			isa = PBXFrameworksBuildPhase;
			buildActionMask = 2147483647;
			files = (
			);
			runOnlyForDeploymentPostprocessing = 0;
		};
		0F7E81C42F23CD49007F11E2 /* Frameworks */ = {
			isa = PBXFrameworksBuildPhase;
			buildActionMask = 2147483647;
			files = (
			);
			runOnlyForDeploymentPostprocessing = 0;
		};
		0F7E81CE2F23CD49007F11E2 /* Frameworks */ = {
			isa = PBXFrameworksBuildPhase;
			buildActionMask = 2147483647;
			files = (
			);
			runOnlyForDeploymentPostprocessing = 0;
		};
/* End PBXFrameworksBuildPhase section */

/* Begin PBXGroup section */
		0F7E81B12F23CD48007F11E2 = {
			isa = PBXGroup;
			children = (
				0F7E81BC2F23CD48007F11E2 /* TestingLab */,
				0F7E81CA2F23CD49007F11E2 /* TestingLabTests */,
				0F7E81D42F23CD49007F11E2 /* TestingLabUITests */,
				0F7E81BB2F23CD48007F11E2 /* Products */,
			);
			sourceTree = "<group>";
		};
		0F7E81BB2F23CD48007F11E2 /* Products */ = {
			isa = PBXGroup;
			children = (
				0F7E81BA2F23CD48007F11E2 /* TestingLab.app */,
				0F7E81C72F23CD49007F11E2 /* TestingLabTests.xctest */,
				0F7E81D12F23CD49007F11E2 /* TestingLabUITests.xctest */,
			);
			name = Products;
			sourceTree = "<group>";
		};
/* End PBXGroup section */

/* Begin PBXNativeTarget section */
		0F7E81B92F23CD48007F11E2 /* TestingLab */ = {
			isa = PBXNativeTarget;
			buildConfigurationList = 0F7E81DB2F23CD49007F11E2 /* Build configuration list for PBXNativeTarget "TestingLab" */;
			buildPhases = (
				0F7E81B62F23CD48007F11E2 /* Sources */,
				0F7E81B72F23CD48007F11E2 /* Frameworks */,
				0F7E81B82F23CD48007F11E2 /* Resources */,
			);
			buildRules = (
			);
			dependencies = (
			);
			fileSystemSynchronizedGroups = (
				0F7E81BC2F23CD48007F11E2 /* TestingLab */,
			);
			name = TestingLab;
			packageProductDependencies = (
			);
			productName = TestingLab;
			productReference = 0F7E81BA2F23CD48007F11E2 /* TestingLab.app */;
			productType = "com.apple.product-type.application";
		};
		0F7E81C62F23CD49007F11E2 /* TestingLabTests */ = {
			isa = PBXNativeTarget;
			buildConfigurationList = 0F7E81DE2F23CD49007F11E2 /* Build configuration list for PBXNativeTarget "TestingLabTests" */;
			buildPhases = (
				0F7E81C32F23CD49007F11E2 /* Sources */,
				0F7E81C42F23CD49007F11E2 /* Frameworks */,
				0F7E81C52F23CD49007F11E2 /* Resources */,
			);
			buildRules = (
			);
			dependencies = (
				0F7E81C92F23CD49007F11E2 /* PBXTargetDependency */,
			);
			fileSystemSynchronizedGroups = (
				0F7E81CA2F23CD49007F11E2 /* TestingLabTests */,
			);
			name = TestingLabTests;
			packageProductDependencies = (
			);
			productName = TestingLabTests;
			productReference = 0F7E81C72F23CD49007F11E2 /* TestingLabTests.xctest */;
			productType = "com.apple.product-type.bundle.unit-test";
		};
		0F7E81D02F23CD49007F11E2 /* TestingLabUITests */ = {
			isa = PBXNativeTarget;
			buildConfigurationList = 0F7E81E12F23CD49007F11E2 /* Build configuration list for PBXNativeTarget "TestingLabUITests" */;
			buildPhases = (
				0F7E81CD2F23CD49007F11E2 /* Sources */,
				0F7E81CE2F23CD49007F11E2 /* Frameworks */,
				0F7E81CF2F23CD49007F11E2 /* Resources */,
			);
			buildRules = (
			);
			dependencies = (
				0F7E81D32F23CD49007F11E2 /* PBXTargetDependency */,
			);
			fileSystemSynchronizedGroups = (
				0F7E81D42F23CD49007F11E2 /* TestingLabUITests */,
			);
			name = TestingLabUITests;
			packageProductDependencies = (
			);
			productName = TestingLabUITests;
			productReference = 0F7E81D12F23CD49007F11E2 /* TestingLabUITests.xctest */;
			productType = "com.apple.product-type.bundle.ui-testing";
		};
/* End PBXNativeTarget section */

/* Begin PBXProject section */
		0F7E81B22F23CD48007F11E2 /* Project object */ = {
			isa = PBXProject;
			attributes = {
				BuildIndependentTargetsInParallel = 1;
				LastSwiftUpdateCheck = 2620;
				LastUpgradeCheck = 2620;
				TargetAttributes = {
					0F7E81B92F23CD48007F11E2 = {
						CreatedOnToolsVersion = 26.2;
					};
					0F7E81C62F23CD49007F11E2 = {
						CreatedOnToolsVersion = 26.2;
						TestTargetID = 0F7E81B92F23CD48007F11E2;
					};
					0F7E81D02F23CD49007F11E2 = {
						CreatedOnToolsVersion = 26.2;
						TestTargetID = 0F7E81B92F23CD48007F11E2;
					};
				};
			};
			buildConfigurationList = 0F7E81B52F23CD48007F11E2 /* Build configuration list for PBXProject "TestingLab" */;
			developmentRegion = en;
			hasScannedForEncodings = 0;
			knownRegions = (
				en,
				Base,
			);
			mainGroup = 0F7E81B12F23CD48007F11E2;
			minimizedProjectReferenceProxies = 1;
			preferredProjectObjectVersion = 77;
			productRefGroup = 0F7E81BB2F23CD48007F11E2 /* Products */;
			projectDirPath = "";
			projectRoot = "";
			targets = (
				0F7E81B92F23CD48007F11E2 /* TestingLab */,
				0F7E81C62F23CD49007F11E2 /* TestingLabTests */,
				0F7E81D02F23CD49007F11E2 /* TestingLabUITests */,
			);
		};
/* End PBXProject section */

/* Begin PBXResourcesBuildPhase section */
		0F7E81B82F23CD48007F11E2 /* Resources */ = {
			isa = PBXResourcesBuildPhase;
			buildActionMask = 2147483647;
			files = (
			);
			runOnlyForDeploymentPostprocessing = 0;
		};
		0F7E81C52F23CD49007F11E2 /* Resources */ = {
			isa = PBXResourcesBuildPhase;
			buildActionMask = 2147483647;
			files = (
			);
			runOnlyForDeploymentPostprocessing = 0;
		};
		0F7E81CF2F23CD49007F11E2 /* Resources */ = {
			isa = PBXResourcesBuildPhase;
			buildActionMask = 2147483647;
			files = (
			);
			runOnlyForDeploymentPostprocessing = 0;
		};
/* End PBXResourcesBuildPhase section */

/* Begin PBXSourcesBuildPhase section */
		0F7E81B62F23CD48007F11E2 /* Sources */ = {
			isa = PBXSourcesBuildPhase;
			buildActionMask = 2147483647;
			files = (
			);
			runOnlyForDeploymentPostprocessing = 0;
		};
		0F7E81C32F23CD49007F11E2 /* Sources */ = {
			isa = PBXSourcesBuildPhase;
			buildActionMask = 2147483647;
			files = (
			);
			runOnlyForDeploymentPostprocessing = 0;
		};
		0F7E81CD2F23CD49007F11E2 /* Sources */ = {
			isa = PBXSourcesBuildPhase;
			buildActionMask = 2147483647;
			files = (
			);
			runOnlyForDeploymentPostprocessing = 0;
		};
/* End PBXSourcesBuildPhase section */

/* Begin PBXTargetDependency section */
		0F7E81C92F23CD49007F11E2 /* PBXTargetDependency */ = {
			isa = PBXTargetDependency;
			target = 0F7E81B92F23CD48007F11E2 /* TestingLab */;
			targetProxy = 0F7E81C82F23CD49007F11E2 /* PBXContainerItemProxy */;
		};
		0F7E81D32F23CD49007F11E2 /* PBXTargetDependency */ = {
			isa = PBXTargetDependency;
			target = 0F7E81B92F23CD48007F11E2 /* TestingLab */;
			targetProxy = 0F7E81D22F23CD49007F11E2 /* PBXContainerItemProxy */;
		};
/* End PBXTargetDependency section */

/* Begin XCBuildConfiguration section */
		0F7E81D92F23CD49007F11E2 /* Debug */ = {
			isa = XCBuildConfiguration;
			buildSettings = {
				ALWAYS_SEARCH_USER_PATHS = NO;
				ASSETCATALOG_COMPILER_GENERATE_SWIFT_ASSET_SYMBOL_EXTENSIONS = YES;
				CLANG_ANALYZER_NONNULL = YES;
				CLANG_ANALYZER_NUMBER_OBJECT_CONVERSION = YES_AGGRESSIVE;
				CLANG_CXX_LANGUAGE_STANDARD = "gnu++20";
				CLANG_ENABLE_MODULES = YES;
				CLANG_ENABLE_OBJC_ARC = YES;
				CLANG_ENABLE_OBJC_WEAK = YES;
				CLANG_WARN_BLOCK_CAPTURE_AUTORELEASING = YES;
				CLANG_WARN_BOOL_CONVERSION = YES;
				CLANG_WARN_COMMA = YES;
				CLANG_WARN_CONSTANT_CONVERSION = YES;
				CLANG_WARN_DEPRECATED_OBJC_IMPLEMENTATIONS = YES;
				CLANG_WARN_DIRECT_OBJC_ISA_USAGE = YES_ERROR;
				CLANG_WARN_DOCUMENTATION_COMMENTS = YES;
				CLANG_WARN_EMPTY_BODY = YES;
				CLANG_WARN_ENUM_CONVERSION = YES;
				CLANG_WARN_INFINITE_RECURSION = YES;
				CLANG_WARN_INT_CONVERSION = YES;
				CLANG_WARN_NON_LITERAL_NULL_CONVERSION = YES;
				CLANG_WARN_OBJC_IMPLICIT_RETAIN_SELF = YES;
				CLANG_WARN_OBJC_LITERAL_CONVERSION = YES;
				CLANG_WARN_OBJC_ROOT_CLASS = YES_ERROR;
				CLANG_WARN_QUOTED_INCLUDE_IN_FRAMEWORK_HEADER = YES;
				CLANG_WARN_RANGE_LOOP_ANALYSIS = YES;
				CLANG_WARN_STRICT_PROTOTYPES = YES;
				CLANG_WARN_SUSPICIOUS_MOVE = YES;
				CLANG_WARN_UNGUARDED_AVAILABILITY = YES_AGGRESSIVE;
				CLANG_WARN_UNREACHABLE_CODE = YES;
				CLANG_WARN__DUPLICATE_METHOD_MATCH = YES;
				COPY_PHASE_STRIP = NO;
				DEBUG_INFORMATION_FORMAT = dwarf;
				DEVELOPMENT_TEAM = 375X45M75F;
				ENABLE_STRICT_OBJC_MSGSEND = YES;
				ENABLE_TESTABILITY = YES;
				ENABLE_USER_SCRIPT_SANDBOXING = YES;
				GCC_C_LANGUAGE_STANDARD = gnu17;
				GCC_DYNAMIC_NO_PIC = NO;
				GCC_NO_COMMON_BLOCKS = YES;
				GCC_OPTIMIZATION_LEVEL = 0;
				GCC_PREPROCESSOR_DEFINITIONS = (
					"DEBUG=1",
					"$(inherited)",
				);
				GCC_WARN_64_TO_32_BIT_CONVERSION = YES;
				GCC_WARN_ABOUT_RETURN_TYPE = YES_ERROR;
				GCC_WARN_UNDECLARED_SELECTOR = YES;
				GCC_WARN_UNINITIALIZED_AUTOS = YES_AGGRESSIVE;
				GCC_WARN_UNUSED_FUNCTION = YES;
				GCC_WARN_UNUSED_VARIABLE = YES;
				IPHONEOS_DEPLOYMENT_TARGET = 26.2;
				LOCALIZATION_PREFERS_STRING_CATALOGS = YES;
				MTL_ENABLE_DEBUG_INFO = INCLUDE_SOURCE;
				MTL_FAST_MATH = YES;
				ONLY_ACTIVE_ARCH = YES;
				SDKROOT = iphoneos;
				SWIFT_ACTIVE_COMPILATION_CONDITIONS = "DEBUG $(inherited)";
				SWIFT_OPTIMIZATION_LEVEL = "-Onone";
			};
			name = Debug;
		};
		0F7E81DA2F23CD49007F11E2 /* Release */ = {
			isa = XCBuildConfiguration;
			buildSettings = {
				ALWAYS_SEARCH_USER_PATHS = NO;
				ASSETCATALOG_COMPILER_GENERATE_SWIFT_ASSET_SYMBOL_EXTENSIONS = YES;
				CLANG_ANALYZER_NONNULL = YES;
				CLANG_ANALYZER_NUMBER_OBJECT_CONVERSION = YES_AGGRESSIVE;
				CLANG_CXX_LANGUAGE_STANDARD = "gnu++20";
				CLANG_ENABLE_MODULES = YES;
				CLANG_ENABLE_OBJC_ARC = YES;
				CLANG_ENABLE_OBJC_WEAK = YES;
				CLANG_WARN_BLOCK_CAPTURE_AUTORELEASING = YES;
				CLANG_WARN_BOOL_CONVERSION = YES;
				CLANG_WARN_COMMA = YES;
				CLANG_WARN_CONSTANT_CONVERSION = YES;
				CLANG_WARN_DEPRECATED_OBJC_IMPLEMENTATIONS = YES;
				CLANG_WARN_DIRECT_OBJC_ISA_USAGE = YES_ERROR;
				CLANG_WARN_DOCUMENTATION_COMMENTS = YES;
				CLANG_WARN_EMPTY_BODY = YES;
				CLANG_WARN_ENUM_CONVERSION = YES;
				CLANG_WARN_INFINITE_RECURSION = YES;
				CLANG_WARN_INT_CONVERSION = YES;
				CLANG_WARN_NON_LITERAL_NULL_CONVERSION = YES;
				CLANG_WARN_OBJC_IMPLICIT_RETAIN_SELF = YES;
				CLANG_WARN_OBJC_LITERAL_CONVERSION = YES;
				CLANG_WARN_OBJC_ROOT_CLASS = YES_ERROR;
				CLANG_WARN_QUOTED_INCLUDE_IN_FRAMEWORK_HEADER = YES;
				CLANG_WARN_RANGE_LOOP_ANALYSIS = YES;
				CLANG_WARN_STRICT_PROTOTYPES = YES;
				CLANG_WARN_SUSPICIOUS_MOVE = YES;
				CLANG_WARN_UNGUARDED_AVAILABILITY = YES_AGGRESSIVE;
				CLANG_WARN_UNREACHABLE_CODE = YES;
				CLANG_WARN__DUPLICATE_METHOD_MATCH = YES;
				COPY_PHASE_STRIP = NO;
				DEBUG_INFORMATION_FORMAT = "dwarf-with-dsym";
				DEVELOPMENT_TEAM = 375X45M75F;
				ENABLE_NS_ASSERTIONS = NO;
				ENABLE_STRICT_OBJC_MSGSEND = YES;
				ENABLE_USER_SCRIPT_SANDBOXING = YES;
				GCC_C_LANGUAGE_STANDARD = gnu17;
				GCC_NO_COMMON_BLOCKS = YES;
				GCC_WARN_64_TO_32_BIT_CONVERSION = YES;
				GCC_WARN_ABOUT_RETURN_TYPE = YES_ERROR;
				GCC_WARN_UNDECLARED_SELECTOR = YES;
				GCC_WARN_UNINITIALIZED_AUTOS = YES_AGGRESSIVE;
				GCC_WARN_UNUSED_FUNCTION = YES;
				GCC_WARN_UNUSED_VARIABLE = YES;
				IPHONEOS_DEPLOYMENT_TARGET = 26.2;
				LOCALIZATION_PREFERS_STRING_CATALOGS = YES;
				MTL_ENABLE_DEBUG_INFO = NO;
				MTL_FAST_MATH = YES;
				SDKROOT = iphoneos;
				SWIFT_COMPILATION_MODE = wholemodule;
				VALIDATE_PRODUCT = YES;
			};
			name = Release;
		};
		0F7E81DC2F23CD49007F11E2 /* Debug */ = {
			isa = XCBuildConfiguration;
			buildSettings = {
				ASSETCATALOG_COMPILER_APPICON_NAME = AppIcon;
				ASSETCATALOG_COMPILER_GLOBAL_ACCENT_COLOR_NAME = AccentColor;
				CODE_SIGN_STYLE = Automatic;
				CURRENT_PROJECT_VERSION = 1;
				DEVELOPMENT_TEAM = 375X45M75F;
				ENABLE_PREVIEWS = YES;
				GENERATE_INFOPLIST_FILE = YES;
				INFOPLIST_KEY_UIApplicationSceneManifest_Generation = YES;
				INFOPLIST_KEY_UIApplicationSupportsIndirectInputEvents = YES;
				INFOPLIST_KEY_UILaunchScreen_Generation = YES;
				INFOPLIST_KEY_UISupportedInterfaceOrientations_iPad = "UIInterfaceOrientationPortrait UIInterfaceOrientationPortraitUpsideDown UIInterfaceOrientationLandscapeLeft UIInterfaceOrientationLandscapeRight";
				INFOPLIST_KEY_UISupportedInterfaceOrientations_iPhone = "UIInterfaceOrientationPortrait UIInterfaceOrientationLandscapeLeft UIInterfaceOrientationLandscapeRight";
				LD_RUNPATH_SEARCH_PATHS = (
					"$(inherited)",
					"@executable_path/Frameworks",
				);
				MARKETING_VERSION = 1.0;
				PRODUCT_BUNDLE_IDENTIFIER = EzraPease.TestingLab;
				PRODUCT_NAME = "$(TARGET_NAME)";
				STRING_CATALOG_GENERATE_SYMBOLS = YES;
				SWIFT_APPROACHABLE_CONCURRENCY = YES;
				SWIFT_DEFAULT_ACTOR_ISOLATION = MainActor;
				SWIFT_EMIT_LOC_STRINGS = YES;
				SWIFT_UPCOMING_FEATURE_MEMBER_IMPORT_VISIBILITY = YES;
				SWIFT_VERSION = 5.0;
				TARGETED_DEVICE_FAMILY = "1,2";
			};
			name = Debug;
		};
		0F7E81DD2F23CD49007F11E2 /* Release */ = {
			isa = XCBuildConfiguration;
			buildSettings = {
				ASSETCATALOG_COMPILER_APPICON_NAME = AppIcon;
				ASSETCATALOG_COMPILER_GLOBAL_ACCENT_COLOR_NAME = AccentColor;
				CODE_SIGN_STYLE = Automatic;
				CURRENT_PROJECT_VERSION = 1;
				DEVELOPMENT_TEAM = 375X45M75F;
				ENABLE_PREVIEWS = YES;
				GENERATE_INFOPLIST_FILE = YES;
				INFOPLIST_KEY_UIApplicationSceneManifest_Generation = YES;
				INFOPLIST_KEY_UIApplicationSupportsIndirectInputEvents = YES;
				INFOPLIST_KEY_UILaunchScreen_Generation = YES;
				INFOPLIST_KEY_UISupportedInterfaceOrientations_iPad = "UIInterfaceOrientationPortrait UIInterfaceOrientationPortraitUpsideDown UIInterfaceOrientationLandscapeLeft UIInterfaceOrientationLandscapeRight";
				INFOPLIST_KEY_UISupportedInterfaceOrientations_iPhone = "UIInterfaceOrientationPortrait UIInterfaceOrientationLandscapeLeft UIInterfaceOrientationLandscapeRight";
				LD_RUNPATH_SEARCH_PATHS = (
					"$(inherited)",
					"@executable_path/Frameworks",
				);
				MARKETING_VERSION = 1.0;
				PRODUCT_BUNDLE_IDENTIFIER = EzraPease.TestingLab;
				PRODUCT_NAME = "$(TARGET_NAME)";
				STRING_CATALOG_GENERATE_SYMBOLS = YES;
				SWIFT_APPROACHABLE_CONCURRENCY = YES;
				SWIFT_DEFAULT_ACTOR_ISOLATION = MainActor;
				SWIFT_EMIT_LOC_STRINGS = YES;
				SWIFT_UPCOMING_FEATURE_MEMBER_IMPORT_VISIBILITY = YES;
				SWIFT_VERSION = 5.0;
				TARGETED_DEVICE_FAMILY = "1,2";
			};
			name = Release;
		};
		0F7E81DF2F23CD49007F11E2 /* Debug */ = {
			isa = XCBuildConfiguration;
			buildSettings = {
				BUNDLE_LOADER = "$(TEST_HOST)";
				CODE_SIGN_STYLE = Automatic;
				CURRENT_PROJECT_VERSION = 1;
				DEVELOPMENT_TEAM = 375X45M75F;
				GENERATE_INFOPLIST_FILE = YES;
				IPHONEOS_DEPLOYMENT_TARGET = 26.2;
				MARKETING_VERSION = 1.0;
				PRODUCT_BUNDLE_IDENTIFIER = EzraPease.TestingLabTests;
				PRODUCT_NAME = "$(TARGET_NAME)";
				STRING_CATALOG_GENERATE_SYMBOLS = NO;
				SWIFT_APPROACHABLE_CONCURRENCY = YES;
				SWIFT_EMIT_LOC_STRINGS = NO;
				SWIFT_UPCOMING_FEATURE_MEMBER_IMPORT_VISIBILITY = YES;
				SWIFT_VERSION = 5.0;
				TARGETED_DEVICE_FAMILY = "1,2";
				TEST_HOST = "$(BUILT_PRODUCTS_DIR)/TestingLab.app/$(BUNDLE_EXECUTABLE_FOLDER_PATH)/TestingLab";
			};
			name = Debug;
		};
		0F7E81E02F23CD49007F11E2 /* Release */ = {
			isa = XCBuildConfiguration;
			buildSettings = {
				BUNDLE_LOADER = "$(TEST_HOST)";
				CODE_SIGN_STYLE = Automatic;
				CURRENT_PROJECT_VERSION = 1;
				DEVELOPMENT_TEAM = 375X45M75F;
				GENERATE_INFOPLIST_FILE = YES;
				IPHONEOS_DEPLOYMENT_TARGET = 26.2;
				MARKETING_VERSION = 1.0;
				PRODUCT_BUNDLE_IDENTIFIER = EzraPease.TestingLabTests;
				PRODUCT_NAME = "$(TARGET_NAME)";
				STRING_CATALOG_GENERATE_SYMBOLS = NO;
				SWIFT_APPROACHABLE_CONCURRENCY = YES;
				SWIFT_EMIT_LOC_STRINGS = NO;
				SWIFT_UPCOMING_FEATURE_MEMBER_IMPORT_VISIBILITY = YES;
				SWIFT_VERSION = 5.0;
				TARGETED_DEVICE_FAMILY = "1,2";
				TEST_HOST = "$(BUILT_PRODUCTS_DIR)/TestingLab.app/$(BUNDLE_EXECUTABLE_FOLDER_PATH)/TestingLab";
			};
			name = Release;
		};
		0F7E81E22F23CD49007F11E2 /* Debug */ = {
			isa = XCBuildConfiguration;
			buildSettings = {
				CODE_SIGN_STYLE = Automatic;
				CURRENT_PROJECT_VERSION = 1;
				DEVELOPMENT_TEAM = 375X45M75F;
				GENERATE_INFOPLIST_FILE = YES;
				MARKETING_VERSION = 1.0;
				PRODUCT_BUNDLE_IDENTIFIER = EzraPease.TestingLabUITests;
				PRODUCT_NAME = "$(TARGET_NAME)";
				STRING_CATALOG_GENERATE_SYMBOLS = NO;
				SWIFT_APPROACHABLE_CONCURRENCY = YES;
				SWIFT_EMIT_LOC_STRINGS = NO;
				SWIFT_UPCOMING_FEATURE_MEMBER_IMPORT_VISIBILITY = YES;
				SWIFT_VERSION = 5.0;
				TARGETED_DEVICE_FAMILY = "1,2";
				TEST_TARGET_NAME = TestingLab;
			};
			name = Debug;
		};
		0F7E81E32F23CD49007F11E2 /* Release */ = {
			isa = XCBuildConfiguration;
			buildSettings = {
				CODE_SIGN_STYLE = Automatic;
				CURRENT_PROJECT_VERSION = 1;
				DEVELOPMENT_TEAM = 375X45M75F;
				GENERATE_INFOPLIST_FILE = YES;
				MARKETING_VERSION = 1.0;
				PRODUCT_BUNDLE_IDENTIFIER = EzraPease.TestingLabUITests;
				PRODUCT_NAME = "$(TARGET_NAME)";
				STRING_CATALOG_GENERATE_SYMBOLS = NO;
				SWIFT_APPROACHABLE_CONCURRENCY = YES;
				SWIFT_EMIT_LOC_STRINGS = NO;
				SWIFT_UPCOMING_FEATURE_MEMBER_IMPORT_VISIBILITY = YES;
				SWIFT_VERSION = 5.0;
				TARGETED_DEVICE_FAMILY = "1,2";
				TEST_TARGET_NAME = TestingLab;
			};
			name = Release;
		};
/* End XCBuildConfiguration section */

/* Begin XCConfigurationList section */
		0F7E81B52F23CD48007F11E2 /* Build configuration list for PBXProject "TestingLab" */ = {
			isa = XCConfigurationList;
			buildConfigurations = (
				0F7E81D92F23CD49007F11E2 /* Debug */,
				0F7E81DA2F23CD49007F11E2 /* Release */,
			);
			defaultConfigurationIsVisible = 0;
			defaultConfigurationName = Release;
		};
		0F7E81DB2F23CD49007F11E2 /* Build configuration list for PBXNativeTarget "TestingLab" */ = {
			isa = XCConfigurationList;
			buildConfigurations = (
				0F7E81DC2F23CD49007F11E2 /* Debug */,
				0F7E81DD2F23CD49007F11E2 /* Release */,
			);
			defaultConfigurationIsVisible = 0;
			defaultConfigurationName = Release;
		};
		0F7E81DE2F23CD49007F11E2 /* Build configuration list for PBXNativeTarget "TestingLabTests" */ = {
			isa = XCConfigurationList;
			buildConfigurations = (
				0F7E81DF2F23CD49007F11E2 /* Debug */,
				0F7E81E02F23CD49007F11E2 /* Release */,
			);
			defaultConfigurationIsVisible = 0;
			defaultConfigurationName = Release;
		};
		0F7E81E12F23CD49007F11E2 /* Build configuration list for PBXNativeTarget "TestingLabUITests" */ = {
			isa = XCConfigurationList;
			buildConfigurations = (
				0F7E81E22F23CD49007F11E2 /* Debug */,
				0F7E81E32F23CD49007F11E2 /* Release */,
			);
			defaultConfigurationIsVisible = 0;
			defaultConfigurationName = Release;
		};
/* End XCConfigurationList section */
	};
	rootObject = 0F7E81B22F23CD48007F11E2 /* Project object */;
}
